
Microsoft Visual Studio Solution File, Format Version 12.00
# Visual Studio Version 17
VisualStudioVersion = 17.1.32328.378
MinimumVisualStudioVersion = 10.0.40219.1
Project("{9A19103F-16F7-4668-BE54-9A1E7A4F7556}") = "BuilderCars", "BuilderCars\BuilderCars.csproj", "{15ED9047-06BF-458E-BEEE-CF6E6679AC85}"
EndProject
Project("{9A19103F-16F7-4668-BE54-9A1E7A4F7556}") = "Factory", "Factory\Factory.csproj", "{11CA2FBD-FCC1-44F0-9075-E0751FF1A27A}"
EndProject
Project("{9A19103F-16F7-4668-BE54-9A1E7A4F7556}") = "FactoryAbstract", "FactoryAbstract\FactoryAbstract.csproj", "{DD1FB1A4-078E-449C-99C8-969A5064CD9C}"
EndProject
Project("{2150E333-8FDC-42A3-9474-1A3956D46DE8}") = "Creational", "Creational", "{63D39492-C851-4042-B013-E1CA9F287B3D}"
EndProject
Project("{9A19103F-16F7-4668-BE54-9A1E7A4F7556}") = "Prototype", "Prototype\Prototype.csproj", "{BF05F67D-6620-47CE-8001-3092C9644F67}"
EndProject
Project("{9A19103F-16F7-4668-BE54-9A1E7A4F7556}") = "FactoryChampions", "FactoryChampions\FactoryChampions.csproj", "{241D5ACF-F191-435B-80C3-84DF27E7F9EE}"
EndProject
Project("{9A19103F-16F7-4668-BE54-9A1E7A4F7556}") = "PrototypeChampion", "PrototypeChampion\PrototypeChampion.csproj", "{390221D4-592C-4BEA-886E-EC7668569281}"
EndProject
Project("{9A19103F-16F7-4668-BE54-9A1E7A4F7556}") = "Singleton", "Signleton\Singleton.csproj", "{EB8BBF21-CCC1-41FB-AB6D-584AFB5960AB}"
EndProject
Project("{2150E333-8FDC-42A3-9474-1A3956D46DE8}") = "Behavioral", "Behavioral", "{AE66BF52-66B2-48F5-8F24-0793A7D7E605}"
EndProject
Project("{9A19103F-16F7-4668-BE54-9A1E7A4F7556}") = "Mediator", "Mediator\Mediator.csproj", "{D8B0770F-A832-4CB1-BE0A-52DD54C3335B}"
EndProject
Project("{9A19103F-16F7-4668-BE54-9A1E7A4F7556}") = "FurniutureAbstractFactory", "FurniutureAbstractFactory\FurniutureAbstractFactory.csproj", "{E3969928-9375-433C-9C13-CA135CB0485A}"
EndProject
Project("{2150E333-8FDC-42A3-9474-1A3956D46DE8}") = "FactoryMethodDesign", "FactoryMethodDesign", "{1E5493A1-04AB-4D84-B3EB-273F2464FEC6}"
EndProject
Project("{2150E333-8FDC-42A3-9474-1A3956D46DE8}") = "PrototypeDesign", "PrototypeDesign", "{F857615D-3A16-4CFC-B4E3-BFB76B8E3152}"
EndProject
Project("{2150E333-8FDC-42A3-9474-1A3956D46DE8}") = "SingletonDesign", "SingletonDesign", "{F5447D39-C633-4EF5-B070-942E8CA1047E}"
EndProject
Project("{2150E333-8FDC-42A3-9474-1A3956D46DE8}") = "BuilderDesign", "BuilderDesign", "{E40F7C58-F8BF-46ED-934E-58F8A5B2F12A}"
EndProject
Project("{2150E333-8FDC-42A3-9474-1A3956D46DE8}") = "FactoryAbstractDesign", "FactoryAbstractDesign", "{590C2F81-C4DE-48B1-98C8-31AAF110B6E9}"
EndProject
Project("{2150E333-8FDC-42A3-9474-1A3956D46DE8}") = "MediatorDesign", "MediatorDesign", "{57C27A72-6500-4FD2-ACD9-9AB04EAC27E0}"
EndProject
Project("{2150E333-8FDC-42A3-9474-1A3956D46DE8}") = "StrategyDesign", "StrategyDesign", "{5BAC2E20-AEDC-4D8B-80F7-C9CC1D1F7FAD}"
EndProject
Project("{FAE04EC0-301F-11D3-BF4B-00C04F79EFBC}") = "Strategy", "Strategy\Strategy.csproj", "{4C005974-39FE-4C6D-B6A9-786F644077BB}"
EndProject
Global
	GlobalSection(SolutionConfigurationPlatforms) = preSolution
		Debug|Any CPU = Debug|Any CPU
		Release|Any CPU = Release|Any CPU
	EndGlobalSection
	GlobalSection(ProjectConfigurationPlatforms) = postSolution
		{15ED9047-06BF-458E-BEEE-CF6E6679AC85}.Debug|Any CPU.ActiveCfg = Debug|Any CPU
		{15ED9047-06BF-458E-BEEE-CF6E6679AC85}.Debug|Any CPU.Build.0 = Debug|Any CPU
		{15ED9047-06BF-458E-BEEE-CF6E6679AC85}.Release|Any CPU.ActiveCfg = Release|Any CPU
		{15ED9047-06BF-458E-BEEE-CF6E6679AC85}.Release|Any CPU.Build.0 = Release|Any CPU
		{11CA2FBD-FCC1-44F0-9075-E0751FF1A27A}.Debug|Any CPU.ActiveCfg = Debug|Any CPU
		{11CA2FBD-FCC1-44F0-9075-E0751FF1A27A}.Debug|Any CPU.Build.0 = Debug|Any CPU
		{11CA2FBD-FCC1-44F0-9075-E0751FF1A27A}.Release|Any CPU.ActiveCfg = Release|Any CPU
		{11CA2FBD-FCC1-44F0-9075-E0751FF1A27A}.Release|Any CPU.Build.0 = Release|Any CPU
		{DD1FB1A4-078E-449C-99C8-969A5064CD9C}.Debug|Any CPU.ActiveCfg = Debug|Any CPU
		{DD1FB1A4-078E-449C-99C8-969A5064CD9C}.Debug|Any CPU.Build.0 = Debug|Any CPU
		{DD1FB1A4-078E-449C-99C8-969A5064CD9C}.Release|Any CPU.ActiveCfg = Release|Any CPU
		{DD1FB1A4-078E-449C-99C8-969A5064CD9C}.Release|Any CPU.Build.0 = Release|Any CPU
		{BF05F67D-6620-47CE-8001-3092C9644F67}.Debug|Any CPU.ActiveCfg = Debug|Any CPU
		{BF05F67D-6620-47CE-8001-3092C9644F67}.Debug|Any CPU.Build.0 = Debug|Any CPU
		{BF05F67D-6620-47CE-8001-3092C9644F67}.Release|Any CPU.ActiveCfg = Release|Any CPU
		{BF05F67D-6620-47CE-8001-3092C9644F67}.Release|Any CPU.Build.0 = Release|Any CPU
		{241D5ACF-F191-435B-80C3-84DF27E7F9EE}.Debug|Any CPU.ActiveCfg = Debug|Any CPU
		{241D5ACF-F191-435B-80C3-84DF27E7F9EE}.Debug|Any CPU.Build.0 = Debug|Any CPU
		{241D5ACF-F191-435B-80C3-84DF27E7F9EE}.Release|Any CPU.ActiveCfg = Release|Any CPU
		{241D5ACF-F191-435B-80C3-84DF27E7F9EE}.Release|Any CPU.Build.0 = Release|Any CPU
		{390221D4-592C-4BEA-886E-EC7668569281}.Debug|Any CPU.ActiveCfg = Debug|Any CPU
		{390221D4-592C-4BEA-886E-EC7668569281}.Debug|Any CPU.Build.0 = Debug|Any CPU
		{390221D4-592C-4BEA-886E-EC7668569281}.Release|Any CPU.ActiveCfg = Release|Any CPU
		{390221D4-592C-4BEA-886E-EC7668569281}.Release|Any CPU.Build.0 = Release|Any CPU
		{EB8BBF21-CCC1-41FB-AB6D-584AFB5960AB}.Debug|Any CPU.ActiveCfg = Debug|Any CPU
		{EB8BBF21-CCC1-41FB-AB6D-584AFB5960AB}.Debug|Any CPU.Build.0 = Debug|Any CPU
		{EB8BBF21-CCC1-41FB-AB6D-584AFB5960AB}.Release|Any CPU.ActiveCfg = Release|Any CPU
		{EB8BBF21-CCC1-41FB-AB6D-584AFB5960AB}.Release|Any CPU.Build.0 = Release|Any CPU
		{D8B0770F-A832-4CB1-BE0A-52DD54C3335B}.Debug|Any CPU.ActiveCfg = Debug|Any CPU
		{D8B0770F-A832-4CB1-BE0A-52DD54C3335B}.Debug|Any CPU.Build.0 = Debug|Any CPU
		{D8B0770F-A832-4CB1-BE0A-52DD54C3335B}.Release|Any CPU.ActiveCfg = Release|Any CPU
		{D8B0770F-A832-4CB1-BE0A-52DD54C3335B}.Release|Any CPU.Build.0 = Release|Any CPU
		{E3969928-9375-433C-9C13-CA135CB0485A}.Debug|Any CPU.ActiveCfg = Debug|Any CPU
		{E3969928-9375-433C-9C13-CA135CB0485A}.Debug|Any CPU.Build.0 = Debug|Any CPU
		{E3969928-9375-433C-9C13-CA135CB0485A}.Release|Any CPU.ActiveCfg = Release|Any CPU
		{E3969928-9375-433C-9C13-CA135CB0485A}.Release|Any CPU.Build.0 = Release|Any CPU
		{4C005974-39FE-4C6D-B6A9-786F644077BB}.Debug|Any CPU.ActiveCfg = Debug|Any CPU
		{4C005974-39FE-4C6D-B6A9-786F644077BB}.Debug|Any CPU.Build.0 = Debug|Any CPU
		{4C005974-39FE-4C6D-B6A9-786F644077BB}.Release|Any CPU.ActiveCfg = Release|Any CPU
		{4C005974-39FE-4C6D-B6A9-786F644077BB}.Release|Any CPU.Build.0 = Release|Any CPU
	EndGlobalSection
	GlobalSection(SolutionProperties) = preSolution
		HideSolutionNode = FALSE
	EndGlobalSection
	GlobalSection(NestedProjects) = preSolution
		{15ED9047-06BF-458E-BEEE-CF6E6679AC85} = {E40F7C58-F8BF-46ED-934E-58F8A5B2F12A}
		{11CA2FBD-FCC1-44F0-9075-E0751FF1A27A} = {1E5493A1-04AB-4D84-B3EB-273F2464FEC6}
		{DD1FB1A4-078E-449C-99C8-969A5064CD9C} = {590C2F81-C4DE-48B1-98C8-31AAF110B6E9}
		{BF05F67D-6620-47CE-8001-3092C9644F67} = {F857615D-3A16-4CFC-B4E3-BFB76B8E3152}
		{241D5ACF-F191-435B-80C3-84DF27E7F9EE} = {1E5493A1-04AB-4D84-B3EB-273F2464FEC6}
		{390221D4-592C-4BEA-886E-EC7668569281} = {F857615D-3A16-4CFC-B4E3-BFB76B8E3152}
		{EB8BBF21-CCC1-41FB-AB6D-584AFB5960AB} = {F5447D39-C633-4EF5-B070-942E8CA1047E}
		{D8B0770F-A832-4CB1-BE0A-52DD54C3335B} = {57C27A72-6500-4FD2-ACD9-9AB04EAC27E0}
		{E3969928-9375-433C-9C13-CA135CB0485A} = {590C2F81-C4DE-48B1-98C8-31AAF110B6E9}
		{1E5493A1-04AB-4D84-B3EB-273F2464FEC6} = {63D39492-C851-4042-B013-E1CA9F287B3D}
		{F857615D-3A16-4CFC-B4E3-BFB76B8E3152} = {63D39492-C851-4042-B013-E1CA9F287B3D}
		{F5447D39-C633-4EF5-B070-942E8CA1047E} = {63D39492-C851-4042-B013-E1CA9F287B3D}
		{E40F7C58-F8BF-46ED-934E-58F8A5B2F12A} = {63D39492-C851-4042-B013-E1CA9F287B3D}
		{590C2F81-C4DE-48B1-98C8-31AAF110B6E9} = {63D39492-C851-4042-B013-E1CA9F287B3D}
		{57C27A72-6500-4FD2-ACD9-9AB04EAC27E0} = {AE66BF52-66B2-48F5-8F24-0793A7D7E605}
		{5BAC2E20-AEDC-4D8B-80F7-C9CC1D1F7FAD} = {AE66BF52-66B2-48F5-8F24-0793A7D7E605}
		{4C005974-39FE-4C6D-B6A9-786F644077BB} = {5BAC2E20-AEDC-4D8B-80F7-C9CC1D1F7FAD}
	EndGlobalSection
	GlobalSection(ExtensibilityGlobals) = postSolution
		SolutionGuid = {887031DA-CD54-4605-8BBF-89D90925EF3E}
	EndGlobalSection
EndGlobal
